
Microsoft Visual Studio Solution File, Format Version 12.00
# Visual Studio Version 16
VisualStudioVersion = 16.0.29728.190
MinimumVisualStudioVersion = 10.0.40219.1
Project("{8BC9CEB8-8B4A-11D0-8D11-00A0C91BC942}") = "Pacman-Clone", "Pacman-Clone.vcxproj", "{B0E2D26A-FF94-486F-8756-B70631B85FF8}"
EndProject
Global
	GlobalSection(SolutionConfigurationPlatforms) = preSolution
		Debug|x64 = Debug|x64
		Debug|x86 = Debug|x86
		Release|x64 = Release|x64
		Release|x86 = Release|x86
	EndGlobalSection
	GlobalSection(ProjectConfigurationPlatforms) = postSolution
		{B0E2D26A-FF94-486F-8756-B70631B85FF8}.Debug|x64.ActiveCfg = Debug|x64
		{B0E2D26A-FF94-486F-8756-B70631B85FF8}.Debug|x64.Build.0 = Debug|x64
		{B0E2D26A-FF94-486F-8756-B70631B85FF8}.Debug|x86.ActiveCfg = Debug|Win32
		{B0E2D26A-FF94-486F-8756-B70631B85FF8}.Debug|x86.Build.0 = Debug|Win32
		{B0E2D26A-FF94-486F-8756-B70631B85FF8}.Release|x64.ActiveCfg = Release|x64
		{B0E2D26A-FF94-486F-8756-B70631B85FF8}.Release|x64.Build.0 = Release|x64
		{B0E2D26A-FF94-486F-8756-B70631B85FF8}.Release|x86.ActiveCfg = Release|Win32
		{B0E2D26A-FF94-486F-8756-B70631B85FF8}.Release|x86.Build.0 = Release|Win32
	EndGlobalSection
	GlobalSection(SolutionProperties) = preSolution
		HideSolutionNode = FALSE
	EndGlobalSection
	GlobalSection(ExtensibilityGlobals) = postSolution
		SolutionGuid = {51C770EA-D1AF-4CDB-A988-0CFB37341642}
	EndGlobalSection
EndGlobal
